
Microsoft Visual Studio Solution File, Format Version 12.00
# Visual Studio 15
VisualStudioVersion = 15.0.28307.572
MinimumVisualStudioVersion = 10.0.40219.1
Project("{9A19103F-16F7-4668-BE54-9A1E7A4F7556}") = "LargestCommonEnd", "LargestCommonEnd\LargestCommonEnd.csproj", "{A144672F-ACB7-416B-8824-54ADAE096F28}"
EndProject
Project("{9A19103F-16F7-4668-BE54-9A1E7A4F7556}") = "RotateAndSum", "RotateAndSum\RotateAndSum.csproj", "{CD24317E-C357-4AE1-9DF5-0E0BD275B7A0}"
EndProject
Project("{FAE04EC0-301F-11D3-BF4B-00C04F79EFBC}") = "FoldAndSum", "FoldAndSum\FoldAndSum.csproj", "{EF3C1C7A-8A29-42E4-928F-EE2D031D3880}"
EndProject
Project("{FAE04EC0-301F-11D3-BF4B-00C04F79EFBC}") = "FoldAndSumOptimized", "FoldAndSumOptimized\FoldAndSumOptimized.csproj", "{6D103129-36B1-452E-AF29-85574A25D539}"
EndProject
Global
	GlobalSection(SolutionConfigurationPlatforms) = preSolution
		Debug|Any CPU = Debug|Any CPU
		Release|Any CPU = Release|Any CPU
	EndGlobalSection
	GlobalSection(ProjectConfigurationPlatforms) = postSolution
		{A144672F-ACB7-416B-8824-54ADAE096F28}.Debug|Any CPU.ActiveCfg = Debug|Any CPU
		{A144672F-ACB7-416B-8824-54ADAE096F28}.Debug|Any CPU.Build.0 = Debug|Any CPU
		{A144672F-ACB7-416B-8824-54ADAE096F28}.Release|Any CPU.ActiveCfg = Release|Any CPU
		{A144672F-ACB7-416B-8824-54ADAE096F28}.Release|Any CPU.Build.0 = Release|Any CPU
		{CD24317E-C357-4AE1-9DF5-0E0BD275B7A0}.Debug|Any CPU.ActiveCfg = Debug|Any CPU
		{CD24317E-C357-4AE1-9DF5-0E0BD275B7A0}.Debug|Any CPU.Build.0 = Debug|Any CPU
		{CD24317E-C357-4AE1-9DF5-0E0BD275B7A0}.Release|Any CPU.ActiveCfg = Release|Any CPU
		{CD24317E-C357-4AE1-9DF5-0E0BD275B7A0}.Release|Any CPU.Build.0 = Release|Any CPU
		{EF3C1C7A-8A29-42E4-928F-EE2D031D3880}.Debug|Any CPU.ActiveCfg = Debug|Any CPU
		{EF3C1C7A-8A29-42E4-928F-EE2D031D3880}.Debug|Any CPU.Build.0 = Debug|Any CPU
		{EF3C1C7A-8A29-42E4-928F-EE2D031D3880}.Release|Any CPU.ActiveCfg = Release|Any CPU
		{EF3C1C7A-8A29-42E4-928F-EE2D031D3880}.Release|Any CPU.Build.0 = Release|Any CPU
		{6D103129-36B1-452E-AF29-85574A25D539}.Debug|Any CPU.ActiveCfg = Debug|Any CPU
		{6D103129-36B1-452E-AF29-85574A25D539}.Debug|Any CPU.Build.0 = Debug|Any CPU
		{6D103129-36B1-452E-AF29-85574A25D539}.Release|Any CPU.ActiveCfg = Release|Any CPU
		{6D103129-36B1-452E-AF29-85574A25D539}.Release|Any CPU.Build.0 = Release|Any CPU
	EndGlobalSection
	GlobalSection(SolutionProperties) = preSolution
		HideSolutionNode = FALSE
	EndGlobalSection
	GlobalSection(ExtensibilityGlobals) = postSolution
		SolutionGuid = {2DC14E38-6B30-4406-A2E7-78C1722F97B5}
	EndGlobalSection
EndGlobal
