
Microsoft Visual Studio Solution File, Format Version 12.00
# Visual Studio 15
VisualStudioVersion = 15.0.28307.572
MinimumVisualStudioVersion = 10.0.40219.1
Project("{9A19103F-16F7-4668-BE54-9A1E7A4F7556}") = "CountWorkingDays", "CountWorkingDays\CountWorkingDays.csproj", "{12567654-05CD-44A6-82F3-60C094449CCC}"
EndProject
Project("{9A19103F-16F7-4668-BE54-9A1E7A4F7556}") = "AdvertisementMessage", "AdvertisementMessage\AdvertisementMessage.csproj", "{BF481DE4-366D-4EBD-A88A-9CCD3DAD78C7}"
EndProject
Project("{9A19103F-16F7-4668-BE54-9A1E7A4F7556}") = "IntersectionOfCircles", "IntersectionOfCircles\IntersectionOfCircles.csproj", "{6CC8400D-622A-4249-B0DD-BBA9E78B5FE5}"
EndProject
Project("{9A19103F-16F7-4668-BE54-9A1E7A4F7556}") = "AverageGrades", "AverageGrades\AverageGrades.csproj", "{70709136-51BA-4559-A1B4-93A8A1A3B719}"
EndProject
Project("{9A19103F-16F7-4668-BE54-9A1E7A4F7556}") = "BookLibrary", "BookLibrary\BookLibrary.csproj", "{2E0E7CAD-61B5-44CB-834A-070B19787083}"
EndProject
Project("{9A19103F-16F7-4668-BE54-9A1E7A4F7556}") = "BookLibraryModification", "BookLibraryModification\BookLibraryModification.csproj", "{704F581D-5FC9-495C-80D9-F30481BB275A}"
EndProject
Project("{9A19103F-16F7-4668-BE54-9A1E7A4F7556}") = "AndreyAndBilliard", "AndreyAndBilliard\AndreyAndBilliard.csproj", "{F4CF3F4F-9D80-45A5-894F-7EFE95F2A22E}"
EndProject
Project("{9A19103F-16F7-4668-BE54-9A1E7A4F7556}") = "MentorGroup", "MentorGroup\MentorGroup.csproj", "{61FFCA94-4E41-4363-BB24-A9E24893672D}"
EndProject
Project("{FAE04EC0-301F-11D3-BF4B-00C04F79EFBC}") = "MentorTest", "MentorTest\MentorTest.csproj", "{3ECE84A4-5031-427F-9484-E4B701C921F9}"
EndProject
Project("{FAE04EC0-301F-11D3-BF4B-00C04F79EFBC}") = "TeamworkProjects", "TeamworkProjects\TeamworkProjects.csproj", "{B6A299FD-1AD7-48C3-9A1A-5B5CF9BFA521}"
EndProject
Global
	GlobalSection(SolutionConfigurationPlatforms) = preSolution
		Debug|Any CPU = Debug|Any CPU
		Release|Any CPU = Release|Any CPU
	EndGlobalSection
	GlobalSection(ProjectConfigurationPlatforms) = postSolution
		{12567654-05CD-44A6-82F3-60C094449CCC}.Debug|Any CPU.ActiveCfg = Debug|Any CPU
		{12567654-05CD-44A6-82F3-60C094449CCC}.Debug|Any CPU.Build.0 = Debug|Any CPU
		{12567654-05CD-44A6-82F3-60C094449CCC}.Release|Any CPU.ActiveCfg = Release|Any CPU
		{12567654-05CD-44A6-82F3-60C094449CCC}.Release|Any CPU.Build.0 = Release|Any CPU
		{BF481DE4-366D-4EBD-A88A-9CCD3DAD78C7}.Debug|Any CPU.ActiveCfg = Debug|Any CPU
		{BF481DE4-366D-4EBD-A88A-9CCD3DAD78C7}.Debug|Any CPU.Build.0 = Debug|Any CPU
		{BF481DE4-366D-4EBD-A88A-9CCD3DAD78C7}.Release|Any CPU.ActiveCfg = Release|Any CPU
		{BF481DE4-366D-4EBD-A88A-9CCD3DAD78C7}.Release|Any CPU.Build.0 = Release|Any CPU
		{6CC8400D-622A-4249-B0DD-BBA9E78B5FE5}.Debug|Any CPU.ActiveCfg = Debug|Any CPU
		{6CC8400D-622A-4249-B0DD-BBA9E78B5FE5}.Debug|Any CPU.Build.0 = Debug|Any CPU
		{6CC8400D-622A-4249-B0DD-BBA9E78B5FE5}.Release|Any CPU.ActiveCfg = Release|Any CPU
		{6CC8400D-622A-4249-B0DD-BBA9E78B5FE5}.Release|Any CPU.Build.0 = Release|Any CPU
		{70709136-51BA-4559-A1B4-93A8A1A3B719}.Debug|Any CPU.ActiveCfg = Debug|Any CPU
		{70709136-51BA-4559-A1B4-93A8A1A3B719}.Debug|Any CPU.Build.0 = Debug|Any CPU
		{70709136-51BA-4559-A1B4-93A8A1A3B719}.Release|Any CPU.ActiveCfg = Release|Any CPU
		{70709136-51BA-4559-A1B4-93A8A1A3B719}.Release|Any CPU.Build.0 = Release|Any CPU
		{2E0E7CAD-61B5-44CB-834A-070B19787083}.Debug|Any CPU.ActiveCfg = Debug|Any CPU
		{2E0E7CAD-61B5-44CB-834A-070B19787083}.Debug|Any CPU.Build.0 = Debug|Any CPU
		{2E0E7CAD-61B5-44CB-834A-070B19787083}.Release|Any CPU.ActiveCfg = Release|Any CPU
		{2E0E7CAD-61B5-44CB-834A-070B19787083}.Release|Any CPU.Build.0 = Release|Any CPU
		{704F581D-5FC9-495C-80D9-F30481BB275A}.Debug|Any CPU.ActiveCfg = Debug|Any CPU
		{704F581D-5FC9-495C-80D9-F30481BB275A}.Debug|Any CPU.Build.0 = Debug|Any CPU
		{704F581D-5FC9-495C-80D9-F30481BB275A}.Release|Any CPU.ActiveCfg = Release|Any CPU
		{704F581D-5FC9-495C-80D9-F30481BB275A}.Release|Any CPU.Build.0 = Release|Any CPU
		{F4CF3F4F-9D80-45A5-894F-7EFE95F2A22E}.Debug|Any CPU.ActiveCfg = Debug|Any CPU
		{F4CF3F4F-9D80-45A5-894F-7EFE95F2A22E}.Debug|Any CPU.Build.0 = Debug|Any CPU
		{F4CF3F4F-9D80-45A5-894F-7EFE95F2A22E}.Release|Any CPU.ActiveCfg = Release|Any CPU
		{F4CF3F4F-9D80-45A5-894F-7EFE95F2A22E}.Release|Any CPU.Build.0 = Release|Any CPU
		{61FFCA94-4E41-4363-BB24-A9E24893672D}.Debug|Any CPU.ActiveCfg = Debug|Any CPU
		{61FFCA94-4E41-4363-BB24-A9E24893672D}.Debug|Any CPU.Build.0 = Debug|Any CPU
		{61FFCA94-4E41-4363-BB24-A9E24893672D}.Release|Any CPU.ActiveCfg = Release|Any CPU
		{61FFCA94-4E41-4363-BB24-A9E24893672D}.Release|Any CPU.Build.0 = Release|Any CPU
		{3ECE84A4-5031-427F-9484-E4B701C921F9}.Debug|Any CPU.ActiveCfg = Debug|Any CPU
		{3ECE84A4-5031-427F-9484-E4B701C921F9}.Debug|Any CPU.Build.0 = Debug|Any CPU
		{3ECE84A4-5031-427F-9484-E4B701C921F9}.Release|Any CPU.ActiveCfg = Release|Any CPU
		{3ECE84A4-5031-427F-9484-E4B701C921F9}.Release|Any CPU.Build.0 = Release|Any CPU
		{B6A299FD-1AD7-48C3-9A1A-5B5CF9BFA521}.Debug|Any CPU.ActiveCfg = Debug|Any CPU
		{B6A299FD-1AD7-48C3-9A1A-5B5CF9BFA521}.Debug|Any CPU.Build.0 = Debug|Any CPU
		{B6A299FD-1AD7-48C3-9A1A-5B5CF9BFA521}.Release|Any CPU.ActiveCfg = Release|Any CPU
		{B6A299FD-1AD7-48C3-9A1A-5B5CF9BFA521}.Release|Any CPU.Build.0 = Release|Any CPU
	EndGlobalSection
	GlobalSection(SolutionProperties) = preSolution
		HideSolutionNode = FALSE
	EndGlobalSection
	GlobalSection(ExtensibilityGlobals) = postSolution
		SolutionGuid = {4E10E181-13EC-439D-A03B-FD1F21B7B0D5}
	EndGlobalSection
EndGlobal
