
Microsoft Visual Studio Solution File, Format Version 12.00
# Visual Studio 15
VisualStudioVersion = 15.0.28307.572
MinimumVisualStudioVersion = 10.0.40219.1
Project("{9A19103F-16F7-4668-BE54-9A1E7A4F7556}") = "StringDemo", "StringDemo\StringDemo.csproj", "{164B6BC0-AAD3-4A97-ADF7-0A10BE091750}"
EndProject
Project("{FAE04EC0-301F-11D3-BF4B-00C04F79EFBC}") = "CountSubstringOccurrences", "CountSubstringOccurrences\CountSubstringOccurrences.csproj", "{58571B82-F483-43BD-B8AB-71F587BF3BE9}"
EndProject
Global
	GlobalSection(SolutionConfigurationPlatforms) = preSolution
		Debug|Any CPU = Debug|Any CPU
		Release|Any CPU = Release|Any CPU
	EndGlobalSection
	GlobalSection(ProjectConfigurationPlatforms) = postSolution
		{164B6BC0-AAD3-4A97-ADF7-0A10BE091750}.Debug|Any CPU.ActiveCfg = Debug|Any CPU
		{164B6BC0-AAD3-4A97-ADF7-0A10BE091750}.Debug|Any CPU.Build.0 = Debug|Any CPU
		{164B6BC0-AAD3-4A97-ADF7-0A10BE091750}.Release|Any CPU.ActiveCfg = Release|Any CPU
		{164B6BC0-AAD3-4A97-ADF7-0A10BE091750}.Release|Any CPU.Build.0 = Release|Any CPU
		{58571B82-F483-43BD-B8AB-71F587BF3BE9}.Debug|Any CPU.ActiveCfg = Debug|Any CPU
		{58571B82-F483-43BD-B8AB-71F587BF3BE9}.Debug|Any CPU.Build.0 = Debug|Any CPU
		{58571B82-F483-43BD-B8AB-71F587BF3BE9}.Release|Any CPU.ActiveCfg = Release|Any CPU
		{58571B82-F483-43BD-B8AB-71F587BF3BE9}.Release|Any CPU.Build.0 = Release|Any CPU
	EndGlobalSection
	GlobalSection(SolutionProperties) = preSolution
		HideSolutionNode = FALSE
	EndGlobalSection
	GlobalSection(ExtensibilityGlobals) = postSolution
		SolutionGuid = {D45B0994-CB78-48EE-9EA3-82386AA396E2}
	EndGlobalSection
EndGlobal
