
Microsoft Visual Studio Solution File, Format Version 12.00
# Visual Studio 15
VisualStudioVersion = 15.0.28307.572
MinimumVisualStudioVersion = 10.0.40219.1
Project("{9A19103F-16F7-4668-BE54-9A1E7A4F7556}") = "ConvertFromBase-10ToBase-N", "ConvertFromBase-10ToBase-N\ConvertFromBase-10ToBase-N.csproj", "{B3B4553C-27E6-4D17-B881-E5ABB831F3F9}"
EndProject
Project("{9A19103F-16F7-4668-BE54-9A1E7A4F7556}") = "ConvertFromBase-NToBase-10", "ConvertFromBase-NToBase-10\ConvertFromBase-NToBase-10.csproj", "{21F0C29C-7D32-40AB-A9B7-57DEE1F91E04}"
EndProject
Project("{9A19103F-16F7-4668-BE54-9A1E7A4F7556}") = "UnicodeCharacters", "UnicodeCharacters\UnicodeCharacters.csproj", "{9B50C359-5794-44C7-9864-E2E843DDC3A0}"
EndProject
Project("{9A19103F-16F7-4668-BE54-9A1E7A4F7556}") = "CharacterMultiplier", "CharacterMultiplier\CharacterMultiplier.csproj", "{7944258E-00F0-455C-BD08-A0C8FCDA604C}"
EndProject
Project("{9A19103F-16F7-4668-BE54-9A1E7A4F7556}") = "MagicExchangeableWords", "MagicExchangeableWords\MagicExchangeableWords.csproj", "{A06ED653-078A-4C4B-A377-6F644F82666A}"
EndProject
Project("{9A19103F-16F7-4668-BE54-9A1E7A4F7556}") = "SumBigNumbers", "SumBigNumbers\SumBigNumbers.csproj", "{023EC2AF-BF1B-4095-8CBE-A3A15C6C3A46}"
EndProject
Project("{9A19103F-16F7-4668-BE54-9A1E7A4F7556}") = "MultiplyBigNumber", "MultiplyBigNumber\MultiplyBigNumber.csproj", "{8A8BD972-F5D9-40FB-A0F1-7C564035C90C}"
EndProject
Project("{FAE04EC0-301F-11D3-BF4B-00C04F79EFBC}") = "LettersChangeNumbers", "LettersChangeNumbers\LettersChangeNumbers.csproj", "{B83A07E6-CF13-4BBE-8EFF-8F0328419BBA}"
EndProject
Project("{FAE04EC0-301F-11D3-BF4B-00C04F79EFBC}") = "MelrahShake", "MelrahShake\MelrahShake.csproj", "{2C8D2CCB-D13E-4D63-8401-6547B8A4A638}"
EndProject
Global
	GlobalSection(SolutionConfigurationPlatforms) = preSolution
		Debug|Any CPU = Debug|Any CPU
		Release|Any CPU = Release|Any CPU
	EndGlobalSection
	GlobalSection(ProjectConfigurationPlatforms) = postSolution
		{B3B4553C-27E6-4D17-B881-E5ABB831F3F9}.Debug|Any CPU.ActiveCfg = Debug|Any CPU
		{B3B4553C-27E6-4D17-B881-E5ABB831F3F9}.Debug|Any CPU.Build.0 = Debug|Any CPU
		{B3B4553C-27E6-4D17-B881-E5ABB831F3F9}.Release|Any CPU.ActiveCfg = Release|Any CPU
		{B3B4553C-27E6-4D17-B881-E5ABB831F3F9}.Release|Any CPU.Build.0 = Release|Any CPU
		{21F0C29C-7D32-40AB-A9B7-57DEE1F91E04}.Debug|Any CPU.ActiveCfg = Debug|Any CPU
		{21F0C29C-7D32-40AB-A9B7-57DEE1F91E04}.Debug|Any CPU.Build.0 = Debug|Any CPU
		{21F0C29C-7D32-40AB-A9B7-57DEE1F91E04}.Release|Any CPU.ActiveCfg = Release|Any CPU
		{21F0C29C-7D32-40AB-A9B7-57DEE1F91E04}.Release|Any CPU.Build.0 = Release|Any CPU
		{9B50C359-5794-44C7-9864-E2E843DDC3A0}.Debug|Any CPU.ActiveCfg = Debug|Any CPU
		{9B50C359-5794-44C7-9864-E2E843DDC3A0}.Debug|Any CPU.Build.0 = Debug|Any CPU
		{9B50C359-5794-44C7-9864-E2E843DDC3A0}.Release|Any CPU.ActiveCfg = Release|Any CPU
		{9B50C359-5794-44C7-9864-E2E843DDC3A0}.Release|Any CPU.Build.0 = Release|Any CPU
		{7944258E-00F0-455C-BD08-A0C8FCDA604C}.Debug|Any CPU.ActiveCfg = Debug|Any CPU
		{7944258E-00F0-455C-BD08-A0C8FCDA604C}.Debug|Any CPU.Build.0 = Debug|Any CPU
		{7944258E-00F0-455C-BD08-A0C8FCDA604C}.Release|Any CPU.ActiveCfg = Release|Any CPU
		{7944258E-00F0-455C-BD08-A0C8FCDA604C}.Release|Any CPU.Build.0 = Release|Any CPU
		{A06ED653-078A-4C4B-A377-6F644F82666A}.Debug|Any CPU.ActiveCfg = Debug|Any CPU
		{A06ED653-078A-4C4B-A377-6F644F82666A}.Debug|Any CPU.Build.0 = Debug|Any CPU
		{A06ED653-078A-4C4B-A377-6F644F82666A}.Release|Any CPU.ActiveCfg = Release|Any CPU
		{A06ED653-078A-4C4B-A377-6F644F82666A}.Release|Any CPU.Build.0 = Release|Any CPU
		{023EC2AF-BF1B-4095-8CBE-A3A15C6C3A46}.Debug|Any CPU.ActiveCfg = Debug|Any CPU
		{023EC2AF-BF1B-4095-8CBE-A3A15C6C3A46}.Debug|Any CPU.Build.0 = Debug|Any CPU
		{023EC2AF-BF1B-4095-8CBE-A3A15C6C3A46}.Release|Any CPU.ActiveCfg = Release|Any CPU
		{023EC2AF-BF1B-4095-8CBE-A3A15C6C3A46}.Release|Any CPU.Build.0 = Release|Any CPU
		{8A8BD972-F5D9-40FB-A0F1-7C564035C90C}.Debug|Any CPU.ActiveCfg = Debug|Any CPU
		{8A8BD972-F5D9-40FB-A0F1-7C564035C90C}.Debug|Any CPU.Build.0 = Debug|Any CPU
		{8A8BD972-F5D9-40FB-A0F1-7C564035C90C}.Release|Any CPU.ActiveCfg = Release|Any CPU
		{8A8BD972-F5D9-40FB-A0F1-7C564035C90C}.Release|Any CPU.Build.0 = Release|Any CPU
		{B83A07E6-CF13-4BBE-8EFF-8F0328419BBA}.Debug|Any CPU.ActiveCfg = Debug|Any CPU
		{B83A07E6-CF13-4BBE-8EFF-8F0328419BBA}.Debug|Any CPU.Build.0 = Debug|Any CPU
		{B83A07E6-CF13-4BBE-8EFF-8F0328419BBA}.Release|Any CPU.ActiveCfg = Release|Any CPU
		{B83A07E6-CF13-4BBE-8EFF-8F0328419BBA}.Release|Any CPU.Build.0 = Release|Any CPU
		{2C8D2CCB-D13E-4D63-8401-6547B8A4A638}.Debug|Any CPU.ActiveCfg = Debug|Any CPU
		{2C8D2CCB-D13E-4D63-8401-6547B8A4A638}.Debug|Any CPU.Build.0 = Debug|Any CPU
		{2C8D2CCB-D13E-4D63-8401-6547B8A4A638}.Release|Any CPU.ActiveCfg = Release|Any CPU
		{2C8D2CCB-D13E-4D63-8401-6547B8A4A638}.Release|Any CPU.Build.0 = Release|Any CPU
	EndGlobalSection
	GlobalSection(SolutionProperties) = preSolution
		HideSolutionNode = FALSE
	EndGlobalSection
	GlobalSection(ExtensibilityGlobals) = postSolution
		SolutionGuid = {3FB2DD03-D82C-4874-AB6C-DE4E9D1C4AC2}
	EndGlobalSection
EndGlobal
