
Microsoft Visual Studio Solution File, Format Version 12.00
# Visual Studio 15
VisualStudioVersion = 15.0.28307.572
MinimumVisualStudioVersion = 10.0.40219.1
Project("{9A19103F-16F7-4668-BE54-9A1E7A4F7556}") = "Phonebook", "Phonebook\Phonebook.csproj", "{2C991FDB-B469-4F18-8A2D-78AAFA725225}"
EndProject
Project("{9A19103F-16F7-4668-BE54-9A1E7A4F7556}") = "PhonebookUpgrade", "PhonebookUpgrade\PhonebookUpgrade.csproj", "{D06E818F-E49D-4FAB-8968-3EF361F8170E}"
EndProject
Project("{9A19103F-16F7-4668-BE54-9A1E7A4F7556}") = "AMinerTask", "AMinerTask\AMinerTask.csproj", "{04B43A80-F199-444E-9507-809F1E7AF3A2}"
EndProject
Project("{9A19103F-16F7-4668-BE54-9A1E7A4F7556}") = "FixEmails", "FixEmails\FixEmails.csproj", "{8E462EA5-902E-44A6-9B6C-CFFB80042F50}"
EndProject
Project("{9A19103F-16F7-4668-BE54-9A1E7A4F7556}") = "HandsOfCards", "HandsOfCards\HandsOfCards.csproj", "{CD18AE73-AE03-4C4D-B1A8-ABD140E695A8}"
EndProject
Project("{9A19103F-16F7-4668-BE54-9A1E7A4F7556}") = "UserLogs", "UserLogs\UserLogs.csproj", "{AB1CE8F3-E19A-4EF4-8084-F5CC58FD60F9}"
EndProject
Project("{9A19103F-16F7-4668-BE54-9A1E7A4F7556}") = "PopulationCounter", "PopulationCounter\PopulationCounter.csproj", "{AC71F78A-1DE4-4F7A-8615-DEDA0B23A3F7}"
EndProject
Project("{FAE04EC0-301F-11D3-BF4B-00C04F79EFBC}") = "LogsAggregator", "LogsAggregator\LogsAggregator.csproj", "{3A9BA69B-D6E3-47F2-8AFA-65EF3D9A3DDB}"
EndProject
Global
	GlobalSection(SolutionConfigurationPlatforms) = preSolution
		Debug|Any CPU = Debug|Any CPU
		Release|Any CPU = Release|Any CPU
	EndGlobalSection
	GlobalSection(ProjectConfigurationPlatforms) = postSolution
		{2C991FDB-B469-4F18-8A2D-78AAFA725225}.Debug|Any CPU.ActiveCfg = Debug|Any CPU
		{2C991FDB-B469-4F18-8A2D-78AAFA725225}.Debug|Any CPU.Build.0 = Debug|Any CPU
		{2C991FDB-B469-4F18-8A2D-78AAFA725225}.Release|Any CPU.ActiveCfg = Release|Any CPU
		{2C991FDB-B469-4F18-8A2D-78AAFA725225}.Release|Any CPU.Build.0 = Release|Any CPU
		{D06E818F-E49D-4FAB-8968-3EF361F8170E}.Debug|Any CPU.ActiveCfg = Debug|Any CPU
		{D06E818F-E49D-4FAB-8968-3EF361F8170E}.Debug|Any CPU.Build.0 = Debug|Any CPU
		{D06E818F-E49D-4FAB-8968-3EF361F8170E}.Release|Any CPU.ActiveCfg = Release|Any CPU
		{D06E818F-E49D-4FAB-8968-3EF361F8170E}.Release|Any CPU.Build.0 = Release|Any CPU
		{04B43A80-F199-444E-9507-809F1E7AF3A2}.Debug|Any CPU.ActiveCfg = Debug|Any CPU
		{04B43A80-F199-444E-9507-809F1E7AF3A2}.Debug|Any CPU.Build.0 = Debug|Any CPU
		{04B43A80-F199-444E-9507-809F1E7AF3A2}.Release|Any CPU.ActiveCfg = Release|Any CPU
		{04B43A80-F199-444E-9507-809F1E7AF3A2}.Release|Any CPU.Build.0 = Release|Any CPU
		{8E462EA5-902E-44A6-9B6C-CFFB80042F50}.Debug|Any CPU.ActiveCfg = Debug|Any CPU
		{8E462EA5-902E-44A6-9B6C-CFFB80042F50}.Debug|Any CPU.Build.0 = Debug|Any CPU
		{8E462EA5-902E-44A6-9B6C-CFFB80042F50}.Release|Any CPU.ActiveCfg = Release|Any CPU
		{8E462EA5-902E-44A6-9B6C-CFFB80042F50}.Release|Any CPU.Build.0 = Release|Any CPU
		{CD18AE73-AE03-4C4D-B1A8-ABD140E695A8}.Debug|Any CPU.ActiveCfg = Debug|Any CPU
		{CD18AE73-AE03-4C4D-B1A8-ABD140E695A8}.Debug|Any CPU.Build.0 = Debug|Any CPU
		{CD18AE73-AE03-4C4D-B1A8-ABD140E695A8}.Release|Any CPU.ActiveCfg = Release|Any CPU
		{CD18AE73-AE03-4C4D-B1A8-ABD140E695A8}.Release|Any CPU.Build.0 = Release|Any CPU
		{AB1CE8F3-E19A-4EF4-8084-F5CC58FD60F9}.Debug|Any CPU.ActiveCfg = Debug|Any CPU
		{AB1CE8F3-E19A-4EF4-8084-F5CC58FD60F9}.Debug|Any CPU.Build.0 = Debug|Any CPU
		{AB1CE8F3-E19A-4EF4-8084-F5CC58FD60F9}.Release|Any CPU.ActiveCfg = Release|Any CPU
		{AB1CE8F3-E19A-4EF4-8084-F5CC58FD60F9}.Release|Any CPU.Build.0 = Release|Any CPU
		{AC71F78A-1DE4-4F7A-8615-DEDA0B23A3F7}.Debug|Any CPU.ActiveCfg = Debug|Any CPU
		{AC71F78A-1DE4-4F7A-8615-DEDA0B23A3F7}.Debug|Any CPU.Build.0 = Debug|Any CPU
		{AC71F78A-1DE4-4F7A-8615-DEDA0B23A3F7}.Release|Any CPU.ActiveCfg = Release|Any CPU
		{AC71F78A-1DE4-4F7A-8615-DEDA0B23A3F7}.Release|Any CPU.Build.0 = Release|Any CPU
		{3A9BA69B-D6E3-47F2-8AFA-65EF3D9A3DDB}.Debug|Any CPU.ActiveCfg = Debug|Any CPU
		{3A9BA69B-D6E3-47F2-8AFA-65EF3D9A3DDB}.Debug|Any CPU.Build.0 = Debug|Any CPU
		{3A9BA69B-D6E3-47F2-8AFA-65EF3D9A3DDB}.Release|Any CPU.ActiveCfg = Release|Any CPU
		{3A9BA69B-D6E3-47F2-8AFA-65EF3D9A3DDB}.Release|Any CPU.Build.0 = Release|Any CPU
	EndGlobalSection
	GlobalSection(SolutionProperties) = preSolution
		HideSolutionNode = FALSE
	EndGlobalSection
	GlobalSection(ExtensibilityGlobals) = postSolution
		SolutionGuid = {594FC5C2-4616-4BB0-9AC5-E190A592A539}
	EndGlobalSection
EndGlobal
