
Microsoft Visual Studio Solution File, Format Version 12.00
# Visual Studio 15
VisualStudioVersion = 15.0.28307.572
MinimumVisualStudioVersion = 10.0.40219.1
Project("{FAE04EC0-301F-11D3-BF4B-00C04F79EFBC}") = "SortTimes", "SortTimes\SortTimes.csproj", "{49CA4193-84B5-485C-8907-F6BFB7083810}"
EndProject
Project("{FAE04EC0-301F-11D3-BF4B-00C04F79EFBC}") = "OddFilter", "OddFilter\OddFilter.csproj", "{F8302820-4D61-4A13-9D70-44BB5853B223}"
EndProject
Project("{FAE04EC0-301F-11D3-BF4B-00C04F79EFBC}") = "ImmuneSystem", "ImmuneSystem\ImmuneSystem.csproj", "{B55B814D-9A73-40D9-8F0F-89AA2AD58772}"
EndProject
Global
	GlobalSection(SolutionConfigurationPlatforms) = preSolution
		Debug|Any CPU = Debug|Any CPU
		Release|Any CPU = Release|Any CPU
	EndGlobalSection
	GlobalSection(ProjectConfigurationPlatforms) = postSolution
		{49CA4193-84B5-485C-8907-F6BFB7083810}.Debug|Any CPU.ActiveCfg = Debug|Any CPU
		{49CA4193-84B5-485C-8907-F6BFB7083810}.Debug|Any CPU.Build.0 = Debug|Any CPU
		{49CA4193-84B5-485C-8907-F6BFB7083810}.Release|Any CPU.ActiveCfg = Release|Any CPU
		{49CA4193-84B5-485C-8907-F6BFB7083810}.Release|Any CPU.Build.0 = Release|Any CPU
		{F8302820-4D61-4A13-9D70-44BB5853B223}.Debug|Any CPU.ActiveCfg = Debug|Any CPU
		{F8302820-4D61-4A13-9D70-44BB5853B223}.Debug|Any CPU.Build.0 = Debug|Any CPU
		{F8302820-4D61-4A13-9D70-44BB5853B223}.Release|Any CPU.ActiveCfg = Release|Any CPU
		{F8302820-4D61-4A13-9D70-44BB5853B223}.Release|Any CPU.Build.0 = Release|Any CPU
		{B55B814D-9A73-40D9-8F0F-89AA2AD58772}.Debug|Any CPU.ActiveCfg = Debug|Any CPU
		{B55B814D-9A73-40D9-8F0F-89AA2AD58772}.Debug|Any CPU.Build.0 = Debug|Any CPU
		{B55B814D-9A73-40D9-8F0F-89AA2AD58772}.Release|Any CPU.ActiveCfg = Release|Any CPU
		{B55B814D-9A73-40D9-8F0F-89AA2AD58772}.Release|Any CPU.Build.0 = Release|Any CPU
	EndGlobalSection
	GlobalSection(SolutionProperties) = preSolution
		HideSolutionNode = FALSE
	EndGlobalSection
	GlobalSection(ExtensibilityGlobals) = postSolution
		SolutionGuid = {0F7E32A5-7E4D-44AD-AD28-B990137ADE88}
	EndGlobalSection
EndGlobal
