
Microsoft Visual Studio Solution File, Format Version 12.00
# Visual Studio 15
VisualStudioVersion = 15.0.28307.572
MinimumVisualStudioVersion = 10.0.40219.1
Project("{FAE04EC0-301F-11D3-BF4B-00C04F79EFBC}") = "ExtractEmails", "ExtractEmails\ExtractEmails.csproj", "{42AB791C-A457-4419-8C45-5D23B6E9CBF9}"
EndProject
Project("{FAE04EC0-301F-11D3-BF4B-00C04F79EFBC}") = "ExtractSentencesByKeyword", "ExtractSentencesByKeyword\ExtractSentencesByKeyword.csproj", "{807CAED4-D6A8-4458-BD0A-3BCF6792BF79}"
EndProject
Global
	GlobalSection(SolutionConfigurationPlatforms) = preSolution
		Debug|Any CPU = Debug|Any CPU
		Release|Any CPU = Release|Any CPU
	EndGlobalSection
	GlobalSection(ProjectConfigurationPlatforms) = postSolution
		{42AB791C-A457-4419-8C45-5D23B6E9CBF9}.Debug|Any CPU.ActiveCfg = Debug|Any CPU
		{42AB791C-A457-4419-8C45-5D23B6E9CBF9}.Debug|Any CPU.Build.0 = Debug|Any CPU
		{42AB791C-A457-4419-8C45-5D23B6E9CBF9}.Release|Any CPU.ActiveCfg = Release|Any CPU
		{42AB791C-A457-4419-8C45-5D23B6E9CBF9}.Release|Any CPU.Build.0 = Release|Any CPU
		{807CAED4-D6A8-4458-BD0A-3BCF6792BF79}.Debug|Any CPU.ActiveCfg = Debug|Any CPU
		{807CAED4-D6A8-4458-BD0A-3BCF6792BF79}.Debug|Any CPU.Build.0 = Debug|Any CPU
		{807CAED4-D6A8-4458-BD0A-3BCF6792BF79}.Release|Any CPU.ActiveCfg = Release|Any CPU
		{807CAED4-D6A8-4458-BD0A-3BCF6792BF79}.Release|Any CPU.Build.0 = Release|Any CPU
	EndGlobalSection
	GlobalSection(SolutionProperties) = preSolution
		HideSolutionNode = FALSE
	EndGlobalSection
	GlobalSection(ExtensibilityGlobals) = postSolution
		SolutionGuid = {9228E3C4-97C4-469D-BB53-51E7161924E3}
	EndGlobalSection
EndGlobal
